cloud.google.com/go v0.26.0/go.mod h1:aQUYkXzVsufM+DwF1aE+0xfcU+56JwCaLick0ClmMTw=
cloud.google.com/go v0.34.0/go.mod h1:aQUYkXzVsufM+DwF1aE+0xfcU+56JwCaLick0ClmMTw=
cloud.google.com/go v0.38.0/go.mod h1:990N+gfupTy94rShfmMCWGDn0LpTmnzTp2qbd1dvSRU=
cloud.google.com/go v0.43.0/go.mod h1:BOSR3VbTLkk6FDC/TcffxP4NF/FFBGA5ku+jvKOP7pg=
github.com/BurntSushi/toml v0.3.1/go.mod h1:xHWCNGjB5oqiDr8zfno3MHue2Ht5sIBksp03qcyfWMU=
github.com/BurntSushi/xgb v0.0.0-20160522181843-27f122750802/go.mod h1:IVnqGOEym/WlBOVXweHU+Q+/VP0lqqI8lqeDx9IjBqo=
github.com/atomix/atomix-api v0.0.0-20190819230829-366ccc994adb h1:5BfPSZekPTwr8SoHWZVYEj8bHtZJavTXWGRbsEs/t/4=
github.com/atomix/atomix-api v0.0.0-20190819230829-366ccc994adb/go.mod h1:joWKUd0zIeYbAQ0vmYHGsnV03ZgRalhceHgnJ3EN0mI=
github.com/atomix/atomix-api v0.0.0-20190821212433-320dd0dbb83e h1:gsIp6ruL8Jm5OwLwnEgmadt/ZDcoa1aeRSEIXzGW6IM=
github.com/atomix/atomix-api v0.0.0-20190821212433-320dd0dbb83e/go.mod h1:joWKUd0zIeYbAQ0vmYHGsnV03ZgRalhceHgnJ3EN0mI=
github.com/atomix/atomix-api v0.0.0-20190826211343-dd8f4db3bf77 h1:+PUuY9wDRp+VAg/JbEguzdOMJj6ruUw6Kw/y+QYHB6s=
github.com/atomix/atomix-api v0.0.0-20190826211343-dd8f4db3bf77/go.mod h1:joWKUd0zIeYbAQ0vmYHGsnV03ZgRalhceHgnJ3EN0mI=
github.com/atomix/atomix-api v0.0.0-20191002225141-1ee9c98c7dfd h1:D1Gsxu6L0UyPKcXJM/WUrdDYFyXrjlUP+nj6xhVp9N8=
github.com/atomix/atomix-api v0.0.0-20191002225141-1ee9c98c7dfd/go.mod h1:joWKUd0zIeYbAQ0vmYHGsnV03ZgRalhceHgnJ3EN0mI=
github.com/atomix/atomix-api v0.0.0-20191005223910-aa620357faa0 h1:XHJB3g6Xkxj0GAyKNC5xOfqrJeGqFLFfVGqRaCeIxFM=
github.com/atomix/atomix-api v0.0.0-20191005223910-aa620357faa0/go.mod h1:joWKUd0zIeYbAQ0vmYHGsnV03ZgRalhceHgnJ3EN0mI=
github.com/atomix/atomix-api v0.0.0-20191014233757-4786daa5a314 h1:P5nVDVOjAOF9JDkw+q9MhThb5MO2isfPH/FMH5x/d4Y=
github.com/atomix/atomix-api v0.0.0-20191014233757-4786daa5a314/go.mod h1:joWKUd0zIeYbAQ0vmYHGsnV03ZgRalhceHgnJ3EN0mI=
github.com/atomix/atomix-api v0.0.0-20191017192115-4d6a4f8e87a3 h1:iKZxEUGEJ1ZfWDu3Co8kRXBYCSlBphDw4eyWRuNH7NY=
github.com/atomix/atomix-api v0.0.0-20191017192115-4d6a4f8e87a3/go.mod h1:joWKUd0zIeYbAQ0vmYHGsnV03ZgRalhceHgnJ3EN0mI=
github.com/atomix/atomix-api v0.0.0-20191021183656-837bfda65c82 h1:jqTiJj5KfEADMgkVd06NhUC0DxSLwrWE56KghT9vGgw=
github.com/atomix/atomix-api v0.0.0-20191021183656-837bfda65c82/go.mod h1:joWKUd0zIeYbAQ0vmYHGsnV03ZgRalhceHgnJ3EN0mI=
github.com/atomix/atomix-api v0.0.0-20191217054529-55159c51ab6e/go.mod h1:joWKUd0zIeYbAQ0vmYHGsnV03ZgRalhceHgnJ3EN0mI=
github.com/atomix/atomix-api v0.0.0-20191219205733-d87d186a4fba/go.mod h1:joWKUd0zIeYbAQ0vmYHGsnV03ZgRalhceHgnJ3EN0mI=
github.com/atomix/atomix-api v0.0.0-20200114202737-fac5129dc110 h1:zC1M7PvCmGfSt5ZIgdcaswFXpQjEbnIqLL2NwHv7pO0=
github.com/atomix/atomix-api v0.0.0-20200114202737-fac5129dc110/go.mod h1:joWKUd0zIeYbAQ0vmYHGsnV03ZgRalhceHgnJ3EN0mI=
github.com/atomix/atomix-go-client v0.0.0-20190827234201-188602d4e780/go.mod h1:/UAIApUE5+Ghzu8oBVcYUoz6nCosrRPa0eUlluBtKz0=
github.com/atomix/atomix-go-client v0.0.0-20191002230120-837d618e27c5/go.mod h1:MoPkrAL33saKe2GbTi+NJgLzW7ejCwrrLDrYIwGYNcE=
github.com/atomix/atomix-go-client v0.0.0-20191015003555-98ae5ccbe7bd/go.mod h1:jV1V8j+zo30xhC+hufKM/1XIiJKA3ODjwuMA/rBHu8g=
github.com/atomix/atomix-go-client v0.0.0-20191018192841-3644d110cbec/go.mod h1:bM51i8VXdxw3+vN5spPJWllkfsfpakHYo2bOkNj1xC4=
github.com/atomix/atomix-go-client v0.0.0-20200114212658-58c359bc47b1/go.mod h1:STv1xDq3qpFABP1zE+9/R2kYuFamQWSGH18w6sfXNE4=
github.com/atomix/atomix-go-local v0.0.0-20190827233944-938e35b06834/go.mod h1:qLBTOiVKoEqzYOjgxIgWFa+Hfa3SR+VexA6jGBcv0HA=
github.com/atomix/atomix-go-local v0.0.0-20190828183508-3db728c0fc3b/go.mod h1:VnwyXJvHzUHuVzzTmPhZ6/ktbBnz3CZk3aKMX7VlTmY=
github.com/atomix/atomix-go-local v0.0.0-20190830183800-73f964b0f75a/go.mod h1:lt/qUsFF29yT2ofmxOXfFzIz0poN22/Qa5SPdalgTKw=
github.com/atomix/atomix-go-local v0.0.0-20190917062229-6dbcfea7cd2f/go.mod h1:wGsoqWNZmfM5YkWMETZh24U9b7yZ0W1V8hZ7kVbKBgg=
github.com/atomix/atomix-go-local v0.0.0-20191002230335-39d2b157c446/go.mod h1:liCwtlGHMXFwW5A1o3BlmEldqkxgYpk99sdOXQhEVhM=
github.com/atomix/atomix-go-local v0.0.0-20191005004851-a9403b577637/go.mod h1:syI/GoUBKhGASfFqx9sCqoSLCopSC4mEpzxCI7sLjDU=
github.com/atomix/atomix-go-local v0.0.0-20191005233404-a691d226511f/go.mod h1:6uWLpSvA1yC0uJvG46qQ93jhGsYxjUJA+c2Mw6rts4c=
github.com/atomix/atomix-go-local v0.0.0-20191015003449-684edaca8be2/go.mod h1:ujkEG47qSxq/VPEs/iz9SXA9zhuHrzkADfta8Px7l6s=
github.com/atomix/atomix-go-local v0.0.0-20191018192811-4de2cabe75ef/go.mod h1:L+GH0tZ1TrF+T/KrzgIKL1evb5x+V+ABBEYeHFcxEZ8=
github.com/atomix/atomix-go-local v0.0.0-20191218214123-a72c188f976e/go.mod h1:TNYeoT2heNTgytoOXq1juZ/X/6GctzWC1bTmmAUBWIM=
github.com/atomix/atomix-go-local v0.0.0-20191219211400-d2c88ae3b162/go.mod h1:GhjFshTc1hk4dOl8KN3IjvW7C7sKgRHe16paqz16qPU=
github.com/atomix/atomix-go-local v0.0.0-20200109182851-1ee7104bf7e9/go.mod h1:N8dEk+DnbmyriuqnztKPUrNTX981aU3e8XUsljROROs=
github.com/atomix/atomix-go-local v0.0.0-20200114211211-897c3ad6c28a/go.mod h1:GrWU2xyyGC9JuK1lxIeYcNwJLSRgV+QjrtncmYxpnGU=
github.com/atomix/atomix-go-node v0.0.0-20190719005747-0f8c60e0a3b2 h1:vVBNZD73tjpwkTFsis7NFpPRbJfbISlkQqUiaoKwliU=
github.com/atomix/atomix-go-node v0.0.0-20190719005747-0f8c60e0a3b2/go.mod h1:Ok8qa4Dhjvzc6c9lNV1r9aboClq/5lQUyMoi51LWA6E=
github.com/atomix/atomix-go-node v0.0.0-20190719061137-3f86e3486d51 h1:C0W5/6Mf+9mxq6QIGHyrI/XgTM+CMdqQTqw8f/FRPH8=
github.com/atomix/atomix-go-node v0.0.0-20190719061137-3f86e3486d51/go.mod h1:Ok8qa4Dhjvzc6c9lNV1r9aboClq/5lQUyMoi51LWA6E=
github.com/atomix/atomix-go-node v0.0.0-20190723203741-aa83861706e3 h1:io96NUUEgI7xj9hqcTrl2ERGSA/kp45v5g+FnRkDftU=
github.com/atomix/atomix-go-node v0.0.0-20190723203741-aa83861706e3/go.mod h1:Ok8qa4Dhjvzc6c9lNV1r9aboClq/5lQUyMoi51LWA6E=
github.com/atomix/atomix-go-node v0.0.0-20190723212223-21b3fa94e24d h1:JDv7q2lrY7eZqBNMs//R9zH983/uQ6R1UhObpo2vQxk=
github.com/atomix/atomix-go-node v0.0.0-20190723212223-21b3fa94e24d/go.mod h1:Ok8qa4Dhjvzc6c9lNV1r9aboClq/5lQUyMoi51LWA6E=
github.com/atomix/atomix-go-node v0.0.0-20190723225512-f9066705797e h1:Sk1EIG4uZnATwP+jdI2Ut6vhhHXLTzLTBdAWzaHHbZY=
github.com/atomix/atomix-go-node v0.0.0-20190723225512-f9066705797e/go.mod h1:Ok8qa4Dhjvzc6c9lNV1r9aboClq/5lQUyMoi51LWA6E=
github.com/atomix/atomix-go-node v0.0.0-20190723233736-cee78db530c5 h1:ryh8odcWH5M/TcOgMXmi1ATEw1DnsroXeHBkk2a450Y=
github.com/atomix/atomix-go-node v0.0.0-20190723233736-cee78db530c5/go.mod h1:Ok8qa4Dhjvzc6c9lNV1r9aboClq/5lQUyMoi51LWA6E=
github.com/atomix/atomix-go-node v0.0.0-20190724000417-e9a0dad335a2 h1:+5ejm9dxoA9BnBiAGBhYHkP3ODA3vYadfaxpmikTHFs=
github.com/atomix/atomix-go-node v0.0.0-20190724000417-e9a0dad335a2/go.mod h1:Ok8qa4Dhjvzc6c9lNV1r9aboClq/5lQUyMoi51LWA6E=
github.com/atomix/atomix-go-node v0.0.0-20190729172704-2c5640b79f9f h1:o5p0aufvNEp6Xyv0mw8PigQuW82DHseDfo5FtBcV2IA=
github.com/atomix/atomix-go-node v0.0.0-20190729172704-2c5640b79f9f/go.mod h1:Ok8qa4Dhjvzc6c9lNV1r9aboClq/5lQUyMoi51LWA6E=
github.com/atomix/atomix-go-node v0.0.0-20190729220851-2d7963a2ec7b h1:1dLEenF0oMKRTuFZOIj7Bmj5j5JtOkSrFRRUPuJ27D4=
github.com/atomix/atomix-go-node v0.0.0-20190729220851-2d7963a2ec7b/go.mod h1:Ok8qa4Dhjvzc6c9lNV1r9aboClq/5lQUyMoi51LWA6E=
github.com/atomix/atomix-go-node v0.0.0-20190729225617-bddb2c3eb1a2 h1:DuY1QVOPCwN8sh5wFH9rSzrr6BmlRohKzwZgY1nxenU=
github.com/atomix/atomix-go-node v0.0.0-20190729225617-bddb2c3eb1a2/go.mod h1:Ok8qa4Dhjvzc6c9lNV1r9aboClq/5lQUyMoi51LWA6E=
github.com/atomix/atomix-go-node v0.0.0-20190729231405-351166c88023 h1:8yRZ7H9rtkKe+JOmah1uhvG0qkPSC/fkU9gAzuCDvWU=
github.com/atomix/atomix-go-node v0.0.0-20190729231405-351166c88023/go.mod h1:Ok8qa4Dhjvzc6c9lNV1r9aboClq/5lQUyMoi51LWA6E=
github.com/atomix/atomix-go-node v0.0.0-20190730074111-4249919f736b h1:Nfq8Ytm+MAgXrf3hIngTYsLZ0/KyYDNrbvSwQhdiIFo=
github.com/atomix/atomix-go-node v0.0.0-20190730074111-4249919f736b/go.mod h1:Ok8qa4Dhjvzc6c9lNV1r9aboClq/5lQUyMoi51LWA6E=
github.com/atomix/atomix-go-node v0.0.0-20190731000948-7aa303b98cc6 h1:cZJWMkRIJcTkjjQ45qHOSE4iXHUlEBmJVmLnI6V5ZWU=
github.com/atomix/atomix-go-node v0.0.0-20190731000948-7aa303b98cc6/go.mod h1:Ok8qa4Dhjvzc6c9lNV1r9aboClq/5lQUyMoi51LWA6E=
github.com/atomix/atomix-go-node v0.0.0-20190731003930-8411c8c0c2fb h1:igfTx6G70Rp3rSXcQrVGY8guTNy77Xh8e8L1I5du8gM=
github.com/atomix/atomix-go-node v0.0.0-20190731003930-8411c8c0c2fb/go.mod h1:Ok8qa4Dhjvzc6c9lNV1r9aboClq/5lQUyMoi51LWA6E=
github.com/atomix/atomix-go-node v0.0.0-20190731012417-a59a57a00299 h1:fK+HvIox/odx+N8UZRzbEvPDyUFIxkCCrP9Hvd3EcPM=
github.com/atomix/atomix-go-node v0.0.0-20190731012417-a59a57a00299/go.mod h1:HYViBuO8+UXs4lJI65kkze7dUp4fRixuBfaZJshre3w=
github.com/atomix/atomix-go-node v0.0.0-20190731061942-8d798e77d929 h1:xRNOYSdQOzRnLMeCKSYX1HtZhw/OYW7qSIfXc1K/TRI=
github.com/atomix/atomix-go-node v0.0.0-20190731061942-8d798e77d929/go.mod h1:HYViBuO8+UXs4lJI65kkze7dUp4fRixuBfaZJshre3w=
github.com/atomix/atomix-go-node v0.0.0-20190731062159-115683b4384d h1:AWYcdxz8vvgRBANF/9d5axkyBtl0gnBcnatQi+/oUQA=
github.com/atomix/atomix-go-node v0.0.0-20190731062159-115683b4384d/go.mod h1:HYViBuO8+UXs4lJI65kkze7dUp4fRixuBfaZJshre3w=
github.com/atomix/atomix-go-node v0.0.0-20190801183050-91c1aad909a7 h1:wDUXszk9ACKr5lI93tahPhmYPzalbNcM4eVSxnHgWbk=
github.com/atomix/atomix-go-node v0.0.0-20190801183050-91c1aad909a7/go.mod h1:HYViBuO8+UXs4lJI65kkze7dUp4fRixuBfaZJshre3w=
github.com/atomix/atomix-go-node v0.0.0-20190802021335-b339ec39a7ad h1:cXV7bk/jeZu6Hwu38HIK5JU9nrEGmCyUUiIH44+/GYA=
github.com/atomix/atomix-go-node v0.0.0-20190802021335-b339ec39a7ad/go.mod h1:HYViBuO8+UXs4lJI65kkze7dUp4fRixuBfaZJshre3w=
github.com/atomix/atomix-go-node v0.0.0-20190802071230-d610bf18a93a h1:m0/C1BMd54eeZdr/i8bk9BHX+XaVM6fatjV+TPlbMlE=
github.com/atomix/atomix-go-node v0.0.0-20190802071230-d610bf18a93a/go.mod h1:HYViBuO8+UXs4lJI65kkze7dUp4fRixuBfaZJshre3w=
github.com/atomix/atomix-go-node v0.0.0-20190802080858-580a09b7b93d h1:aW3HO52/i7d6zbkLnbv7u2eDHs8xGgbpt2mOxLdzm2I=
github.com/atomix/atomix-go-node v0.0.0-20190802080858-580a09b7b93d/go.mod h1:HYViBuO8+UXs4lJI65kkze7dUp4fRixuBfaZJshre3w=
github.com/atomix/atomix-go-node v0.0.0-20190803002803-78d9673d9dbb h1:B5Q6DBme37Ksy8ZUTNy5u4OEVlM5gcT4uf65ao0orxE=
github.com/atomix/atomix-go-node v0.0.0-20190803002803-78d9673d9dbb/go.mod h1:HYViBuO8+UXs4lJI65kkze7dUp4fRixuBfaZJshre3w=
github.com/atomix/atomix-go-node v0.0.0-20190803002958-2cfb8ea83707 h1:WgSnOU2/e/VahswnutPKmt/tSeVkO9gc0VEITTr9D3E=
github.com/atomix/atomix-go-node v0.0.0-20190803002958-2cfb8ea83707/go.mod h1:HYViBuO8+UXs4lJI65kkze7dUp4fRixuBfaZJshre3w=
github.com/atomix/atomix-go-node v0.0.0-20190803072439-7b1c69fa028e h1:K2XWz95wPkSAT7mJHaFGm/reqVDipv40vK99SsaNlgE=
github.com/atomix/atomix-go-node v0.0.0-20190803072439-7b1c69fa028e/go.mod h1:AX6dqVU12HBfSTPp0s7qqUjGD6fusaO1K0zkTukwH20=
github.com/atomix/atomix-go-node v0.0.0-20190803085147-863c754843bf h1:6F+g9lxDBBEpLBMzhx0yC/2ee1XBLkBLdyDawTLFlmc=
github.com/atomix/atomix-go-node v0.0.0-20190803085147-863c754843bf/go.mod h1:AX6dqVU12HBfSTPp0s7qqUjGD6fusaO1K0zkTukwH20=
github.com/atomix/atomix-go-node v0.0.0-20190804192939-52fd35441203 h1:z9JVlRiyIjNIBlvJygmGUxrLs/A76xaVc8OQr5HPgfA=
github.com/atomix/atomix-go-node v0.0.0-20190804192939-52fd35441203/go.mod h1:AX6dqVU12HBfSTPp0s7qqUjGD6fusaO1K0zkTukwH20=
github.com/atomix/atomix-go-node v0.0.0-20190804210559-9a3bde9f9f03 h1:uoibvSRvR8T7Ib/ymf3nu8G7WMGDhbPsNmkEi3rR5/4=
github.com/atomix/atomix-go-node v0.0.0-20190804210559-9a3bde9f9f03/go.mod h1:AX6dqVU12HBfSTPp0s7qqUjGD6fusaO1K0zkTukwH20=
github.com/atomix/atomix-go-node v0.0.0-20190805082236-26688cdcb959 h1:b+sIvNSws3fKP2MSLCBVCwg06bwKBAWLT0kaRydHNAI=
github.com/atomix/atomix-go-node v0.0.0-20190805082236-26688cdcb959/go.mod h1:AX6dqVU12HBfSTPp0s7qqUjGD6fusaO1K0zkTukwH20=
github.com/atomix/atomix-go-node v0.0.0-20190806194603-4dd1003cbfba h1:oDzAtOnHa1oJSaZunrSGgBuzfTq/8hC3xuBJefF7rRE=
github.com/atomix/atomix-go-node v0.0.0-20190806194603-4dd1003cbfba/go.mod h1:AX6dqVU12HBfSTPp0s7qqUjGD6fusaO1K0zkTukwH20=
github.com/atomix/atomix-go-node v0.0.0-20190806204203-361d1beb74f2 h1:zAXZ8HyWSH2ORKhJMzslKUlUyRmf8wPAQwc5hT6ndqk=
github.com/atomix/atomix-go-node v0.0.0-20190806204203-361d1beb74f2/go.mod h1:AX6dqVU12HBfSTPp0s7qqUjGD6fusaO1K0zkTukwH20=
github.com/atomix/atomix-go-node v0.0.0-20190806214631-fd95aeea7307 h1:F2xZcdZBE6q1YCBT59DRdFey8ser79nz6ft/hFKRG5g=
github.com/atomix/atomix-go-node v0.0.0-20190806214631-fd95aeea7307/go.mod h1:AX6dqVU12HBfSTPp0s7qqUjGD6fusaO1K0zkTukwH20=
github.com/atomix/atomix-go-node v0.0.0-20190806215754-29209110ddbb h1:M+E+2lcb1HyYIkIfXYXvq53jx2fpLS/I/V0mERa0mSs=
github.com/atomix/atomix-go-node v0.0.0-20190806215754-29209110ddbb/go.mod h1:AX6dqVU12HBfSTPp0s7qqUjGD6fusaO1K0zkTukwH20=
github.com/atomix/atomix-go-node v0.0.0-20190814013453-cca412259d86 h1:cJD5fATZ9YytxbGoN0aOEO+LQW9ig+6COihqWI6rdKo=
github.com/atomix/atomix-go-node v0.0.0-20190814013453-cca412259d86/go.mod h1:AX6dqVU12HBfSTPp0s7qqUjGD6fusaO1K0zkTukwH20=
github.com/atomix/atomix-go-node v0.0.0-20190819235918-362f3143b084 h1:pp555c1uxKC8UqiifN/azV8CgNAsD3J/FQyrzwblbmA=
github.com/atomix/atomix-go-node v0.0.0-20190819235918-362f3143b084/go.mod h1:rWp3DgtUt4qdHDm//ewTptIaEbFde298JSWYN90zeNo=
github.com/atomix/atomix-go-node v0.0.0-20190821212719-184a30111d47 h1:qfsxLh8RrCSBNkjPo31D2YC8iBeHmKlVBL6IhFLrFWA=
github.com/atomix/atomix-go-node v0.0.0-20190821212719-184a30111d47/go.mod h1:Be6nQFjC9uQqH+aA/pL1vqgm1H7K7GeWSTwy+JcO0P8=
github.com/atomix/atomix-go-node v0.0.0-20190823235037-38e2494ed153 h1:fsSdmRzoJ65OVZGp2M2lE4TccL5LgN/Wne+A6/9jOdQ=
github.com/atomix/atomix-go-node v0.0.0-20190823235037-38e2494ed153/go.mod h1:Be6nQFjC9uQqH+aA/pL1vqgm1H7K7GeWSTwy+JcO0P8=
github.com/atomix/atomix-go-node v0.0.0-20190823235222-427712cbd612 h1:fqZreC7LD4uIYXSsHsxQwckJe4AFBMKMgzN+u4Zx6cM=
github.com/atomix/atomix-go-node v0.0.0-20190823235222-427712cbd612/go.mod h1:Be6nQFjC9uQqH+aA/pL1vqgm1H7K7GeWSTwy+JcO0P8=
github.com/atomix/atomix-go-node v0.0.0-20190824014937-2965c0a29292 h1:DDmfIs/h04SZDZ+ugyOeSk6z10aSrttgnaywyXfPKv4=
github.com/atomix/atomix-go-node v0.0.0-20190824014937-2965c0a29292/go.mod h1:Be6nQFjC9uQqH+aA/pL1vqgm1H7K7GeWSTwy+JcO0P8=
github.com/atomix/atomix-go-node v0.0.0-20190827010800-2403202bdd19 h1:Kmr9zbOXGi+xO4viyN5hf5+IhPeFlkAtOMJwMhgWRbw=
github.com/atomix/atomix-go-node v0.0.0-20190827010800-2403202bdd19/go.mod h1:PL1T5R78itch1QC1CN4JmbRL/2XQlg4R95R14822C6Q=
github.com/atomix/atomix-go-node v0.0.0-20190827191929-2d3dc9c550d9/go.mod h1:PL1T5R78itch1QC1CN4JmbRL/2XQlg4R95R14822C6Q=
github.com/atomix/atomix-go-node v0.0.0-20190828183436-fc30340cd8db/go.mod h1:dyh8Bb50qKfMlpqDE6X+dQ1tZ399WKEABa3ntDYImnA=
github.com/atomix/atomix-go-node v0.0.0-20190828204904-ecf13fb1bb59 h1:BcxgS6kpjrc6vzBeYx5+nFnas5LpFLyTKWamhQuIQDk=
github.com/atomix/atomix-go-node v0.0.0-20190828204904-ecf13fb1bb59/go.mod h1:KJxB/MAgndAbyCOqTV2hatw7lExiZZs7QCOr45IfC9U=
github.com/atomix/atomix-go-node v0.0.0-20190830183721-649263a17223/go.mod h1:KJxB/MAgndAbyCOqTV2hatw7lExiZZs7QCOr45IfC9U=
github.com/atomix/atomix-go-node v0.0.0-20190830183818-a5b5157566f6 h1:rxmMkW6vJOGYSRiqdsim5szVT9N4deSTCvlclPJwHN4=
github.com/atomix/atomix-go-node v0.0.0-20190830183818-a5b5157566f6/go.mod h1:398EUMrz8gNaqdsNDMXW2OlSp6nNPZLcC7b/QsXzl80=
github.com/atomix/atomix-go-node v0.0.0-20190902075446-2434a506f892 h1:I4sZ5gpiputlOPRS89qNsdBif5+McT3LhMy9OPZBN8U=
github.com/atomix/atomix-go-node v0.0.0-20190902075446-2434a506f892/go.mod h1:398EUMrz8gNaqdsNDMXW2OlSp6nNPZLcC7b/QsXzl80=
github.com/atomix/atomix-go-node v0.0.0-20190906183917-e22495f73c4f h1:1SRI/P+IIiHXdrXM3smFo9bTIu0jrO294JmgVgc12zA=
github.com/atomix/atomix-go-node v0.0.0-20190906183917-e22495f73c4f/go.mod h1:398EUMrz8gNaqdsNDMXW2OlSp6nNPZLcC7b/QsXzl80=
github.com/atomix/atomix-go-node v0.0.0-20190916222357-cec4496a5357 h1:vGIrFVYLwe/QbozxeIXAA/G1xNmRHpYKbvTvQEUHW9A=
github.com/atomix/atomix-go-node v0.0.0-20190916222357-cec4496a5357/go.mod h1:398EUMrz8gNaqdsNDMXW2OlSp6nNPZLcC7b/QsXzl80=
github.com/atomix/atomix-go-node v0.0.0-20190917012211-d4866b018ab6/go.mod h1:fQ/oMxUHpVMugRSWfBhS2z1l8TXyXOoNlLdq43eVAOU=
github.com/atomix/atomix-go-node v0.0.0-20190917062304-bc450565962e h1:TppMdqd74UR5qE1Vxp2eNtqBhNcZFGTB0QOfFwsirwE=
github.com/atomix/atomix-go-node v0.0.0-20190917062304-bc450565962e/go.mod h1:Fq2QpY1LYaICw1wbvTd7cm90yqRdUpc+Vi8KT0Z+HIM=
github.com/atomix/atomix-go-node v0.0.0-20190918200431-21db501987f0 h1:MSOKNd7kQn9CQT9m5VArM4PGzj4nrkTDZFocw0EXMmI=
github.com/atomix/atomix-go-node v0.0.0-20190918200431-21db501987f0/go.mod h1:Fq2QpY1LYaICw1wbvTd7cm90yqRdUpc+Vi8KT0Z+HIM=
github.com/atomix/atomix-go-node v0.0.0-20190919190641-9951ecc1268a h1:tw1GhOHeyftluGefbTqNe8Q4KECraE8qA6ImrGzVUO0=
github.com/atomix/atomix-go-node v0.0.0-20190919190641-9951ecc1268a/go.mod h1:Fq2QpY1LYaICw1wbvTd7cm90yqRdUpc+Vi8KT0Z+HIM=
github.com/atomix/atomix-go-node v0.0.0-20190919225615-693c6f4ab69a h1:kXKzCsV8XIp/IwAslHNigpBR6Ev9ZYseNe0sRi5Ltso=
github.com/atomix/atomix-go-node v0.0.0-20190919225615-693c6f4ab69a/go.mod h1:Fq2QpY1LYaICw1wbvTd7cm90yqRdUpc+Vi8KT0Z+HIM=
github.com/atomix/atomix-go-node v0.0.0-20190923205429-84d7491a87fb h1:VGDYsKspCC2P2hrpqprsSAuV4kZT3IAAyGdqGP82P7g=
github.com/atomix/atomix-go-node v0.0.0-20190923205429-84d7491a87fb/go.mod h1:Fq2QpY1LYaICw1wbvTd7cm90yqRdUpc+Vi8KT0Z+HIM=
github.com/atomix/atomix-go-node v0.0.0-20190923210144-d73e7e1dd607 h1:QNoCRZg3jyrk2zDZTO09A00LLVRZQPc8qMyZlCxLeCs=
github.com/atomix/atomix-go-node v0.0.0-20190923210144-d73e7e1dd607/go.mod h1:Fq2QpY1LYaICw1wbvTd7cm90yqRdUpc+Vi8KT0Z+HIM=
github.com/atomix/atomix-go-node v0.0.0-20190923211154-452adb214e34 h1:CFaKjx5f9RegLf3SNIZnhwavqF6lslF0oL/oQGhpLas=
github.com/atomix/atomix-go-node v0.0.0-20190923211154-452adb214e34/go.mod h1:Fq2QpY1LYaICw1wbvTd7cm90yqRdUpc+Vi8KT0Z+HIM=
github.com/atomix/atomix-go-node v0.0.0-20190923214324-5a4d59f0f824 h1:Gz+SquQ/m0fxsYdUeYuSmPUe5acLO4SJMU1OWeEcli8=
github.com/atomix/atomix-go-node v0.0.0-20190923214324-5a4d59f0f824/go.mod h1:Fq2QpY1LYaICw1wbvTd7cm90yqRdUpc+Vi8KT0Z+HIM=
github.com/atomix/atomix-go-node v0.0.0-20190924075258-21f03c379d03 h1:sXguvMZjbYfce2ddcQY6jJEPjWBlmbQ6ESDk0j3EzkE=
github.com/atomix/atomix-go-node v0.0.0-20190924075258-21f03c379d03/go.mod h1:Fq2QpY1LYaICw1wbvTd7cm90yqRdUpc+Vi8KT0Z+HIM=
github.com/atomix/atomix-go-node v0.0.0-20190926080752-898b919286d4 h1:rttafkF3t6UT0kQEKMlPJzTQmrfwFkNJZRXoi3raVd8=
github.com/atomix/atomix-go-node v0.0.0-20190926080752-898b919286d4/go.mod h1:Fq2QpY1LYaICw1wbvTd7cm90yqRdUpc+Vi8KT0Z+HIM=
github.com/atomix/atomix-go-node v0.0.0-20190926081035-67b9a00d3312 h1:1NyeyTXaXD6Qez3ne5aHiphRZcQFNYEarP/4TorgotM=
github.com/atomix/atomix-go-node v0.0.0-20190926081035-67b9a00d3312/go.mod h1:Fq2QpY1LYaICw1wbvTd7cm90yqRdUpc+Vi8KT0Z+HIM=
github.com/atomix/atomix-go-node v0.0.0-20191002230317-dabfbb700511/go.mod h1:qkkk2Kd2UvftwukgjqLNJtaXjYJl+WIvDCm+HjkjLKg=
github.com/atomix/atomix-go-node v0.0.0-20191002230403-4d8c5d6bfb9e h1:NZuKyAdO8WoKL+C9EhQEe8f3QhVwhE6INLvqVfJeEZc=
github.com/atomix/atomix-go-node v0.0.0-20191002230403-4d8c5d6bfb9e/go.mod h1:m3BU2Yn1nJ/inhJS9I7Epqra4RfjIR2nkTheX8UGcs0=
github.com/atomix/atomix-go-node v0.0.0-20191003173830-326f8ac44e94 h1:HEkEs3Xv3WHhHMnBFhWnzAQoNhT55yFnjMqzerCedus=
github.com/atomix/atomix-go-node v0.0.0-20191003173830-326f8ac44e94/go.mod h1:m3BU2Yn1nJ/inhJS9I7Epqra4RfjIR2nkTheX8UGcs0=
github.com/atomix/atomix-go-node v0.0.0-20191005003820-945ff0afee33 h1:xDeeQlCnlbh6Gul7BzlRvxHkgicFP2eP6HGf5NxFnAs=
github.com/atomix/atomix-go-node v0.0.0-20191005003820-945ff0afee33/go.mod h1:m3BU2Yn1nJ/inhJS9I7Epqra4RfjIR2nkTheX8UGcs0=
github.com/atomix/atomix-go-node v0.0.0-20191005004840-a11d88ec22cd/go.mod h1:m3BU2Yn1nJ/inhJS9I7Epqra4RfjIR2nkTheX8UGcs0=
github.com/atomix/atomix-go-node v0.0.0-20191005004913-89f218752fa8 h1:E0lb/nmMLi5bpmKwkBXucMVpqBdjINSaEHcB+YDuBKU=
github.com/atomix/atomix-go-node v0.0.0-20191005004913-89f218752fa8/go.mod h1:/54WTC76w8KaAvzUI8NfNG1eyBMGczYetkMNkpPCYB8=
github.com/atomix/atomix-go-node v0.0.0-20191005224900-3dcae25c956f h1:cAJv8+D80jbrdgHuc1KD1w8PUFTWpGsHS72AIS3EcMA=
github.com/atomix/atomix-go-node v0.0.0-20191005224900-3dcae25c956f/go.mod h1:eQpS42TVM24rJW+9lJRl1EJIi3YGPjTv1xsNYxuMrf0=
github.com/atomix/atomix-go-node v0.0.0-20191005232742-ebda59622853 h1:gKRVpzS3fKmQTRXFM21Y9cl+Jzz4oRv0ZJ5VLp3n2ps=
github.com/atomix/atomix-go-node v0.0.0-20191005232742-ebda59622853/go.mod h1:eQpS42TVM24rJW+9lJRl1EJIi3YGPjTv1xsNYxuMrf0=
github.com/atomix/atomix-go-node v0.0.0-20191008000533-254ed34bd1d1 h1:MVqKyW2HiPGp4rg+g/7FqYx1PAv8MAqkig6e+Mgch+4=
github.com/atomix/atomix-go-node v0.0.0-20191008000533-254ed34bd1d1/go.mod h1:eQpS42TVM24rJW+9lJRl1EJIi3YGPjTv1xsNYxuMrf0=
github.com/atomix/atomix-go-node v0.0.0-20191015003036-c3c92f68ca0c h1:PTOsjvIAE09fBStOhqjQhhK3h28mNca5efo1gNtS6E8=
github.com/atomix/atomix-go-node v0.0.0-20191015003036-c3c92f68ca0c/go.mod h1:Lt3xjBCH/uWpcoz5n/7j8oquhUJtzmF6qh0dUmFu4Ro=
github.com/atomix/atomix-go-node v0.0.0-20191015003435-f70de243fb25 h1:YN2hZn/FkaIpx1QcD0CNG5foSV6x0JdfMIbWaSNqIMg=
github.com/atomix/atomix-go-node v0.0.0-20191015003435-f70de243fb25/go.mod h1:Lt3xjBCH/uWpcoz5n/7j8oquhUJtzmF6qh0dUmFu4Ro=
github.com/atomix/atomix-go-node v0.0.0-20191015014638-64dd6c85416c h1:ETGyHjdj2dQQOSN5BrkTtK0TO9NhES2cU5Uy5fjMNAc=
github.com/atomix/atomix-go-node v0.0.0-20191015014638-64dd6c85416c/go.mod h1:RYBKVIL64s0IJXL9HtoF3Wgc6KRXzdaa2KqCvPEuwhI=
github.com/atomix/atomix-go-node v0.0.0-20191015235149-a27e7ec80c20 h1:DlQ5bk4Vs5NCfzaxNxYrHyaaBmbrxVDGfH9Bog1Bxvw=
github.com/atomix/atomix-go-node v0.0.0-20191015235149-a27e7ec80c20/go.mod h1:RYBKVIL64s0IJXL9HtoF3Wgc6KRXzdaa2KqCvPEuwhI=
github.com/atomix/atomix-go-node v0.0.0-20191017201713-c8f48f52e1cc h1:CYWj3EwFs++T9wyN4IRsd+Qikr+XqNJ9wAV4+24QUf8=
github.com/atomix/atomix-go-node v0.0.0-20191017201713-c8f48f52e1cc/go.mod h1:SmM+sWPwscnx6AIqGbu9Y2EqCGdUlyHTnrJa/A3XqWA=
github.com/atomix/atomix-go-node v0.0.0-20191018192345-6fbb86e5f5ef/go.mod h1:SmM+sWPwscnx6AIqGbu9Y2EqCGdUlyHTnrJa/A3XqWA=
github.com/atomix/atomix-go-node v0.0.0-20191021232909-930498392f0f h1:G5kXu5UV840Jg28/xoyaGYmJz0+JjHx/nojvlNoE2qk=
github.com/atomix/atomix-go-node v0.0.0-20191021232909-930498392f0f/go.mod h1:wLJ9+8FK7p8R8tz3bXPQ6GTvpwhkwjyPomkL9ok5AzM=
github.com/atomix/atomix-go-node v0.0.0-20191021234659-c841a97bec89 h1:Xe8eyruUnCkTRlZbg+BWXGICFgMB0+82bcmIgHY1S+s=
github.com/atomix/atomix-go-node v0.0.0-20191021234659-c841a97bec89/go.mod h1:wLJ9+8FK7p8R8tz3bXPQ6GTvpwhkwjyPomkL9ok5AzM=
github.com/atomix/atomix-go-node v0.0.0-20191218180435-f58b519050d0/go.mod h1:CwNyxY+AwoQt76lt5EjK7PCIVuNe48c5mh/kJNBBEAg=
github.com/atomix/atomix-go-node v0.0.0-20191219211341-c5c395d1bc60/go.mod h1:hgqxWxx0JDLYX5Ekf1Pt8esnaxCe7gyNPGke0Pc8w4E=
github.com/atomix/atomix-go-node v0.0.0-20200109182801-f5c8e3518e4a/go.mod h1:sFa3CXb7khBF2wEfk9qCY9rs7GrwsukqIGbrYkiAGz0=
github.com/atomix/atomix-go-node v0.0.0-20200114210733-967537ba5e31/go.mod h1:95XzgeBRaJ88X7LkIfo7wqOUaGuRKBVNMwVI/BYXRzs=
github.com/atomix/atomix-go-node v0.0.0-20200114212450-178a2dc70336/go.mod h1:DIYsaWqOiBkyE+vUgHFMM3+vCq07RUskEWN4W5cEtyE=
github.com/atomix/atomix-go-node v0.0.0-20200122201244-04ffdbfa38ba h1:k6j2D1xPLi4pHEAldWIPzFi5ReVCBpfJejh3RY/IhcA=
github.com/atomix/atomix-go-node v0.0.0-20200122201244-04ffdbfa38ba/go.mod h1:Ivu7jH8b9hFTTmWtq9u7TmJQHQqsEmxY0Baa2l/uE6U=
github.com/atomix/atomix-go-node v0.0.0-20200122235207-5b8d5f54288e h1:ZvrOnLAMmkuXhgDl+p0zxh9PTXi7+dRCG5hc5iz7HPA=
github.com/atomix/atomix-go-node v0.0.0-20200122235207-5b8d5f54288e/go.mod h1:Ivu7jH8b9hFTTmWtq9u7TmJQHQqsEmxY0Baa2l/uE6U=
github.com/cenkalti/backoff v2.2.1+incompatible/go.mod h1:90ReRw6GdpyfrHakVjL/QHaoyV4aDUVVkXQJJJ3NXXM=
github.com/client9/misspell v0.3.4/go.mod h1:qj6jICC3Q7zFZvVWo7KLAzC3yx5G7kyvSDkc90ppPyw=
github.com/creack/pty v1.1.7/go.mod h1:lj5s0c3V2DBrqTV7llrYr5NG6My20zk30Fl46Y7DoTY=
github.com/davecgh/go-spew v1.1.0 h1:ZDRjVQ15GmhC3fiQ8ni8+OwkZQO4DARzQgrnXU1Liz8=
github.com/davecgh/go-spew v1.1.0/go.mod h1:J7Y8YcW2NihsgmVo/mv3lAwl/skON4iLHjSsI+c5H38=
github.com/davecgh/go-spew v1.1.1 h1:vj9j/u1bqnvCEfJOwUhtlOARqs3+rkHYY13jYWTU97c=
github.com/davecgh/go-spew v1.1.1/go.mod h1:J7Y8YcW2NihsgmVo/mv3lAwl/skON4iLHjSsI+c5H38=
github.com/gogo/protobuf v1.2.1 h1:/s5zKNz0uPFCZ5hddgPdo2TK2TVrUNMn0OOX8/aZMTE=
github.com/gogo/protobuf v1.2.1/go.mod h1:hp+jE20tsWTFYpLwKvXlhS1hjn+gTNwPg2I6zVXpSg4=
github.com/gogo/protobuf v1.3.1 h1:DqDEcV5aeaTmdFBePNpYsp3FlcVH/2ISVVM9Qf8PSls=
github.com/gogo/protobuf v1.3.1/go.mod h1:SlYgWuQ5SjCEi6WLHjHCa1yvBfUnHcTbrrZtXPKa29o=
github.com/golang/glog v0.0.0-20160126235308-23def4e6c14b h1:VKtxabqXZkF25pY9ekfRL6a582T4P37/31XEstQ5p58=
github.com/golang/glog v0.0.0-20160126235308-23def4e6c14b/go.mod h1:SBH7ygxi8pfUlaOkMMuAQtPIUF8ecWP5IEl/CR7VP2Q=
github.com/golang/mock v1.1.1/go.mod h1:oTYuIxOrZwtPieC+H1uAHpcLFnEyAGVDL/k47Jfbm0A=
github.com/golang/mock v1.2.0/go.mod h1:oTYuIxOrZwtPieC+H1uAHpcLFnEyAGVDL/k47Jfbm0A=
github.com/golang/mock v1.3.1 h1:qGJ6qTW+x6xX/my+8YUVl4WNpX9B7+/l2tRsHGZ7f2s=
github.com/golang/mock v1.3.1/go.mod h1:sBzyDLLjw3U8JLTeZvSv8jJB+tU5PVekmnlKIyFUx0Y=
github.com/golang/protobuf v1.2.0/go.mod h1:6lQm79b+lXiMfvg/cZm0SGofjICqVBUtrP5yJMmIC1U=
github.com/golang/protobuf v1.3.1 h1:YF8+flBXS5eO826T4nzqPrxfhQThhXl0YzfuUPu4SBg=
github.com/golang/protobuf v1.3.1/go.mod h1:6lQm79b+lXiMfvg/cZm0SGofjICqVBUtrP5yJMmIC1U=
github.com/golang/protobuf v1.3.2 h1:6nsPYzhq5kReh6QImI3k5qWzO4PEbvbIW2cwSfR/6xs=
github.com/golang/protobuf v1.3.2/go.mod h1:6lQm79b+lXiMfvg/cZm0SGofjICqVBUtrP5yJMmIC1U=
github.com/google/btree v0.0.0-20180813153112-4030bb1f1f0c/go.mod h1:lNA+9X1NB3Zf8V7Ke586lFgjr2dZNuvo3lPJSGZ5JPQ=
github.com/google/btree v1.0.0/go.mod h1:lNA+9X1NB3Zf8V7Ke586lFgjr2dZNuvo3lPJSGZ5JPQ=
github.com/google/go-cmp v0.2.0/go.mod h1:oXzfMopK8JAjlY9xF4vHSVASa0yLyX7SntLO5aqRK0M=
github.com/google/go-cmp v0.3.0/go.mod h1:8QqcDgzrUqlUb/G2PQTWiueGozuR1884gddMywk6iLU=
github.com/google/martian v2.1.0+incompatible/go.mod h1:9I4somxYTbIHy5NJKHRl3wXiIaQGbYVAs8BPL6v8lEs=
github.com/google/pprof v0.0.0-20181206194817-3ea8567a2e57/go.mod h1:zfwlbNMJ+OItoe0UupaVj+oy1omPYYDuagoSzA8v9mc=
github.com/google/pprof v0.0.0-20190515194954-54271f7e092f/go.mod h1:zfwlbNMJ+OItoe0UupaVj+oy1omPYYDuagoSzA8v9mc=
github.com/google/pprof v0.0.0-20190723021845-34ac40c74b70/go.mod h1:zfwlbNMJ+OItoe0UupaVj+oy1omPYYDuagoSzA8v9mc=
github.com/google/renameio v0.1.0/go.mod h1:KWCgfxg9yswjAJkECMjeO8J8rahYeXnNhOm40UhjYkI=
github.com/google/uuid v1.1.1/go.mod h1:TIyPZe4MgqvfeYDBFedMoGGpEw/LqOeaOT+nhxU+yHo=
github.com/googleapis/gax-go/v2 v2.0.4/go.mod h1:0Wqv26UfaUD9n4G6kQubkQ+KchISgw+vpHVxEJEs9eg=
github.com/googleapis/gax-go/v2 v2.0.5/go.mod h1:DWXyrwAJ9X0FpwwEdw+IPEYBICEFu5mhpdKc/us6bOk=
github.com/grpc-ecosystem/go-grpc-middleware v1.1.0/go.mod h1:f5nM7jw/oeRSadq3xCzHAvxcr8HZnzsqU6ILg/0NiiE=
github.com/hashicorp/golang-lru v0.5.0/go.mod h1:/m3WP610KZHVQ1SGc6re/UDhFvYD7pJ4Ao+sR/qLZy8=
github.com/hashicorp/golang-lru v0.5.1/go.mod h1:/m3WP610KZHVQ1SGc6re/UDhFvYD7pJ4Ao+sR/qLZy8=
github.com/hashicorp/golang-lru v0.5.3/go.mod h1:iADmTwqILo4mZ8BN3D2Q6+9jd8WM5uGBxy+E8yxSoD4=
github.com/jstemmer/go-junit-report v0.0.0-20190106144839-af01ea7f8024/go.mod h1:6v2b51hI/fHJwM22ozAgKL4VKDeJcHhJFhtBdhmNjmU=
github.com/kisielk/errcheck v1.1.0/go.mod h1:EZBBE59ingxPouuu3KfxchcWSUPOHkagtvWXihfKN4Q=
github.com/kisielk/errcheck v1.2.0/go.mod h1:/BMXB+zMLi60iA8Vv6Ksmxu/1UDYcXs4uQLJ+jE2L00=
github.com/kisielk/gotool v1.0.0/go.mod h1:XhKaO+MFFWcvkIS/tQcRk01m1F5IRFswLeQ+oQHNcck=
github.com/konsorten/go-windows-terminal-sequences v1.0.1/go.mod h1:T0+1ngSBFLxvqU3pZ+m/2kptfBszLMUkC4ZK/EgS/cQ=
github.com/konsorten/go-windows-terminal-sequences v1.0.2 h1:DB17ag19krx9CFsz4o3enTrPXyIXCl+2iCXH/aMAp9s=
github.com/konsorten/go-windows-terminal-sequences v1.0.2/go.mod h1:T0+1ngSBFLxvqU3pZ+m/2kptfBszLMUkC4ZK/EgS/cQ=
github.com/kr/pretty v0.1.0/go.mod h1:dAy3ld7l9f0ibDNOQOHHMYYIIbhfbHSm3C4ZsoJORNo=
github.com/kr/pty v1.1.1/go.mod h1:pFQYn66WHrOpPYNljwOMqo10TkYh1fy3cYio2l3bCsQ=
github.com/kr/pty v1.1.8/go.mod h1:O1sed60cT9XZ5uDucP5qwvh+TE3NnUj51EiZO/lmSfw=
github.com/kr/text v0.1.0/go.mod h1:4Jbv+DJW3UT/LiOwJeYQe1efqtUx/iVham/4vfdArNI=
github.com/opentracing/opentracing-go v1.1.0/go.mod h1:UkNAQd3GIcIGf0SeVgPpRdFStlNbqXla1AfSYxPUl2o=
github.com/pkg/errors v0.8.1/go.mod h1:bwawxfHBFNV+L2hUp1rHADufV3IMtnDRdf1r5NINEl0=
github.com/pmezard/go-difflib v1.0.0 h1:4DBwDE0NGyQoBHbLQYPwSUPoCMWR5BEzIk/f1lZbAQM=
github.com/pmezard/go-difflib v1.0.0/go.mod h1:iKH77koFhYxTK1pcRnkKkqfTogsbg7gZNVY4sRDYZ/4=
github.com/rogpeppe/go-internal v1.3.0/go.mod h1:M8bDsm7K2OlrFYOpmOWEs/qY81heoFRclV5y23lUDJ4=
github.com/sirupsen/logrus v1.4.2 h1:SPIRibHv4MatM3XXNO2BJeFLZwZ2LvZgfQ5+UNI2im4=
github.com/sirupsen/logrus v1.4.2/go.mod h1:tLMulIdttU9McNUspp0xgXVQah82FyeX6MwdIuYE2rE=
github.com/stretchr/objx v0.1.0/go.mod h1:HFkY916IF+rwdDfMAkV7OtwuqBVzrE8GR6GFx+wExME=
github.com/stretchr/objx v0.1.1/go.mod h1:HFkY916IF+rwdDfMAkV7OtwuqBVzrE8GR6GFx+wExME=
github.com/stretchr/objx v0.2.0/go.mod h1:qt09Ya8vawLte6SNmTgCsAVtYtaKzEcn8ATUoHMkEqE=
github.com/stretchr/testify v1.2.2/go.mod h1:a8OnRcib4nhh0OaRAV+Yts87kKdq0PP7pXfy6kDkUVs=
github.com/stretchr/testify v1.3.0 h1:TivCn/peBQ7UY8ooIcPgZFpTNSz0Q2U6UrFlUfqbe0Q=
github.com/stretchr/testify v1.3.0/go.mod h1:M5WIy9Dh21IEIfnGCwXGc5bZfKNJtfHm1UVUgZn+9EI=
github.com/stretchr/testify v1.4.0 h1:2E4SXV/wtOkTonXsotYi4li6zVWxYlZuYNCXe9XRJyk=
github.com/stretchr/testify v1.4.0/go.mod h1:j7eGeouHqKxXV5pUuKE4zz7dFj8WfuZ+81PSLYec5m4=
go.opencensus.io v0.21.0/go.mod h1:mSImk1erAIZhrmZN+AvHh14ztQfjbGwt4TtuofqLduU=
go.opencensus.io v0.22.0/go.mod h1:+kGneAE2xo2IficOXnaByMWTGM9T73dGwxeWcUqIpI8=
go.uber.org/atomic v1.4.0/go.mod h1:gD2HeocX3+yG+ygLZcrzQJaqmWj9AIm7n08wl/qW/PE=
go.uber.org/multierr v1.1.0/go.mod h1:wR5kodmAFQ0UK8QlbwjlSNy0Z68gJhDJUG5sjR94q/0=
go.uber.org/zap v1.10.0/go.mod h1:vwi/ZaCAaUcBkycHslxD9B2zi4UTXhF60s6SWpuDF0Q=
golang.org/x/crypto v0.0.0-20190308221718-c2843e01d9a2/go.mod h1:djNgcEr1/C05ACkg1iLfiJU5Ep61QUkGW8qpdssI0+w=
golang.org/x/crypto v0.0.0-20190510104115-cbcb75029529/go.mod h1:yigFU9vqHzYiE8UmvKecakEJjdnWj3jj499lnFckfCI=
golang.org/x/crypto v0.0.0-20190605123033-f99c8df09eb5/go.mod h1:yigFU9vqHzYiE8UmvKecakEJjdnWj3jj499lnFckfCI=
golang.org/x/crypto v0.0.0-20190701094942-4def268fd1a4/go.mod h1:yigFU9vqHzYiE8UmvKecakEJjdnWj3jj499lnFckfCI=
golang.org/x/exp v0.0.0-20190121172915-509febef88a4/go.mod h1:CJ0aWSM057203Lf6IL+f9T1iT9GByDxfZKAQTCR3kQA=
golang.org/x/exp v0.0.0-20190306152737-a1d7652674e8/go.mod h1:CJ0aWSM057203Lf6IL+f9T1iT9GByDxfZKAQTCR3kQA=
golang.org/x/exp v0.0.0-20190510132918-efd6b22b2522/go.mod h1:ZjyILWgesfNpC6sMxTJOJm9Kp84zZh5NQWvqDGG3Qr8=
golang.org/x/exp v0.0.0-20190718202018-cfdd5522f6f6/go.mod h1:JhuoJpWY28nO4Vef9tZUw9qufEGTyX1+7lmHxV5q5G4=
golang.org/x/exp v0.0.0-20190731235908-ec7cb31e5a56/go.mod h1:JhuoJpWY28nO4Vef9tZUw9qufEGTyX1+7lmHxV5q5G4=
golang.org/x/image v0.0.0-20190227222117-0694c2d4d067/go.mod h1:kZ7UVZpmo3dzQBMxlp+ypCbDeSB+sBbTgSJuh5dn5js=
golang.org/x/image v0.0.0-20190703141733-d6a02ce849c9/go.mod h1:FeLwcggjj3mMvU+oOTbSwawSJRM1uh48EjtB4UJZlP0=
golang.org/x/image v0.0.0-20190729225735-1bd0cf576493/go.mod h1:FeLwcggjj3mMvU+oOTbSwawSJRM1uh48EjtB4UJZlP0=
golang.org/x/image v0.0.0-20190802002840-cff245a6509b/go.mod h1:FeLwcggjj3mMvU+oOTbSwawSJRM1uh48EjtB4UJZlP0=
golang.org/x/lint v0.0.0-20181026193005-c67002cb31c3/go.mod h1:UVdnD1Gm6xHRNCYTkRU2/jEulfH38KcIWyp/GAMgvoE=
golang.org/x/lint v0.0.0-20190227174305-5b3e6a55c961/go.mod h1:wehouNa3lNwaWXcvxsM5YxQ5yQlVC4a0KAMCusXpPoU=
golang.org/x/lint v0.0.0-20190301231843-5614ed5bae6f/go.mod h1:UVdnD1Gm6xHRNCYTkRU2/jEulfH38KcIWyp/GAMgvoE=
golang.org/x/lint v0.0.0-20190313153728-d0100b6bd8b3/go.mod h1:6SW0HCj/g11FgYtHlgUYUwCkIfeOF89ocIRzGO/8vkc=
golang.org/x/lint v0.0.0-20190409202823-959b441ac422/go.mod h1:6SW0HCj/g11FgYtHlgUYUwCkIfeOF89ocIRzGO/8vkc=
golang.org/x/mobile v0.0.0-20190312151609-d3739f865fa6/go.mod h1:z+o9i4GpDbdi3rU15maQ/Ox0txvL9dWGYEHz965HBQE=
golang.org/x/mobile v0.0.0-20190719004257-d2bd2a29d028/go.mod h1:E/iHnbuqvinMTCcRqshq8CkpyQDoeVncDDYHnLhea+o=
golang.org/x/mobile v0.0.0-20190806162312-597adff16ade/go.mod h1:AlhUtkH4DA4asiFC5RgK7ZKmauvtkAVcy9L0epCzlWo=
golang.org/x/mod v0.0.0-20190513183733-4bf6d317e70e/go.mod h1:mXi4GBBbnImb6dmsKGUJ2LatrhH/nqhxcFungHvyanc=
golang.org/x/mod v0.1.0/go.mod h1:0QHyrYULN0/3qlju5TqG8bIK38QM8yzMo5ekMj3DlcY=
golang.org/x/net v0.0.0-20180724234803-3673e40ba225/go.mod h1:mL1N/T3taQHkDXs73rZJwtUhF3w3ftmwwsq0BUmARs4=
golang.org/x/net v0.0.0-20180826012351-8a410e7b638d/go.mod h1:mL1N/T3taQHkDXs73rZJwtUhF3w3ftmwwsq0BUmARs4=
golang.org/x/net v0.0.0-20190108225652-1e06a53dbb7e/go.mod h1:mL1N/T3taQHkDXs73rZJwtUhF3w3ftmwwsq0BUmARs4=
golang.org/x/net v0.0.0-20190213061140-3a22650c66bd/go.mod h1:mL1N/T3taQHkDXs73rZJwtUhF3w3ftmwwsq0BUmARs4=
golang.org/x/net v0.0.0-20190311183353-d8887717615a h1:oWX7TPOiFAMXLq8o0ikBYfCJVlRHBcsciT5bXOrH628=
golang.org/x/net v0.0.0-20190311183353-d8887717615a/go.mod h1:t9HGtf8HONx5eT2rtn7q6eTqICYqUVnKs3thJo3Qplg=
golang.org/x/net v0.0.0-20190404232315-eb5bcb51f2a3/go.mod h1:t9HGtf8HONx5eT2rtn7q6eTqICYqUVnKs3thJo3Qplg=
golang.org/x/net v0.0.0-20190501004415-9ce7a6920f09/go.mod h1:t9HGtf8HONx5eT2rtn7q6eTqICYqUVnKs3thJo3Qplg=
golang.org/x/net v0.0.0-20190503192946-f4e77d36d62c/go.mod h1:t9HGtf8HONx5eT2rtn7q6eTqICYqUVnKs3thJo3Qplg=
golang.org/x/net v0.0.0-20190603091049-60506f45cf65/go.mod h1:HSz+uSET+XFnRR8LxR5pz3Of3rY3CfYBVs4xY44aLks=
golang.org/x/net v0.0.0-20190620200207-3b0461eec859/go.mod h1:z5CRVTTTmAJ677TzLLGU+0bjPO0LkuOLi4/5GtJWs/s=
golang.org/x/net v0.0.0-20190628185345-da137c7871d7 h1:rTIdg5QFRR7XCaK4LCjBiPbx8j4DQRpdYMnGn/bJUEU=
golang.org/x/net v0.0.0-20190628185345-da137c7871d7/go.mod h1:z5CRVTTTmAJ677TzLLGU+0bjPO0LkuOLi4/5GtJWs/s=
golang.org/x/net v0.0.0-20190724013045-ca1201d0de80 h1:Ao/3l156eZf2AW5wK8a7/smtodRU+gha3+BeqJ69lRk=
golang.org/x/net v0.0.0-20190724013045-ca1201d0de80/go.mod h1:z5CRVTTTmAJ677TzLLGU+0bjPO0LkuOLi4/5GtJWs/s=
golang.org/x/oauth2 v0.0.0-20180821212333-d2e6202438be/go.mod h1:N/0e6XlmueqKjAGxoOufVs8QHGRruUQn6yWY3a++T0U=
golang.org/x/oauth2 v0.0.0-20190226205417-e64efc72b421/go.mod h1:gOpvHmFTYa4IltrdGE7lF6nIHvwfUNPOp7c8zoXwtLw=
golang.org/x/oauth2 v0.0.0-20190604053449-0f29369cfe45/go.mod h1:gOpvHmFTYa4IltrdGE7lF6nIHvwfUNPOp7c8zoXwtLw=
golang.org/x/sync v0.0.0-20180314180146-1d60e4601c6f/go.mod h1:RxMgew5VJxzue5/jJTE5uejpjVlOe/izrB70Jof72aM=
golang.org/x/sync v0.0.0-20181108010431-42b317875d0f/go.mod h1:RxMgew5VJxzue5/jJTE5uejpjVlOe/izrB70Jof72aM=
golang.org/x/sync v0.0.0-20181221193216-37e7f081c4d4/go.mod h1:RxMgew5VJxzue5/jJTE5uejpjVlOe/izrB70Jof72aM=
golang.org/x/sync v0.0.0-20190227155943-e225da77a7e6/go.mod h1:RxMgew5VJxzue5/jJTE5uejpjVlOe/izrB70Jof72aM=
golang.org/x/sync v0.0.0-20190423024810-112230192c58/go.mod h1:RxMgew5VJxzue5/jJTE5uejpjVlOe/izrB70Jof72aM=
golang.org/x/sys v0.0.0-20180830151530-49385e6e1522/go.mod h1:STP8DvDyc/dI5b8T5hshtkjS+E42TnysNCUPdjciGhY=
golang.org/x/sys v0.0.0-20190215142949-d0b11bdaac8a/go.mod h1:STP8DvDyc/dI5b8T5hshtkjS+E42TnysNCUPdjciGhY=
golang.org/x/sys v0.0.0-20190312061237-fead79001313/go.mod h1:h1NjWce9XRLGQEsW7wpKNCjG9DtNlClVuFLEZdDNbEs=
golang.org/x/sys v0.0.0-20190412213103-97732733099d/go.mod h1:h1NjWce9XRLGQEsW7wpKNCjG9DtNlClVuFLEZdDNbEs=
golang.org/x/sys v0.0.0-20190422165155-953cdadca894/go.mod h1:h1NjWce9XRLGQEsW7wpKNCjG9DtNlClVuFLEZdDNbEs=
golang.org/x/sys v0.0.0-20190502145724-3ef323f4f1fd/go.mod h1:h1NjWce9XRLGQEsW7wpKNCjG9DtNlClVuFLEZdDNbEs=
golang.org/x/sys v0.0.0-20190507160741-ecd444e8653b/go.mod h1:h1NjWce9XRLGQEsW7wpKNCjG9DtNlClVuFLEZdDNbEs=
golang.org/x/sys v0.0.0-20190606165138-5da285871e9c/go.mod h1:h1NjWce9XRLGQEsW7wpKNCjG9DtNlClVuFLEZdDNbEs=
golang.org/x/sys v0.0.0-20190624142023-c5567b49c5d0/go.mod h1:h1NjWce9XRLGQEsW7wpKNCjG9DtNlClVuFLEZdDNbEs=
golang.org/x/sys v0.0.0-20190712062909-fae7ac547cb7 h1:LepdCS8Gf/MVejFIt8lsiexZATdoGVyp5bcyS+rYoUI=
golang.org/x/sys v0.0.0-20190712062909-fae7ac547cb7/go.mod h1:h1NjWce9XRLGQEsW7wpKNCjG9DtNlClVuFLEZdDNbEs=
golang.org/x/sys v0.0.0-20190726091711-fc99dfbffb4e h1:D5TXcfTk7xF7hvieo4QErS3qqCB4teTffacDWr7CI+0=
golang.org/x/sys v0.0.0-20190726091711-fc99dfbffb4e/go.mod h1:h1NjWce9XRLGQEsW7wpKNCjG9DtNlClVuFLEZdDNbEs=
golang.org/x/sys v0.0.0-20190730183949-1393eb018365 h1:SaXEMXhWzMJThc05vu6uh61Q245r4KaWMrsTedk0FDc=
golang.org/x/sys v0.0.0-20190730183949-1393eb018365/go.mod h1:h1NjWce9XRLGQEsW7wpKNCjG9DtNlClVuFLEZdDNbEs=
golang.org/x/sys v0.0.0-20190801041406-cbf593c0f2f3 h1:4y9KwBHBgBNwDbtu44R5o1fdOCQUEXhbk/P4A9WmJq0=
golang.org/x/sys v0.0.0-20190801041406-cbf593c0f2f3/go.mod h1:h1NjWce9XRLGQEsW7wpKNCjG9DtNlClVuFLEZdDNbEs=
golang.org/x/sys v0.0.0-20190804053845-51ab0e2deafa h1:KIDDMLT1O0Nr7TSxp8xM5tJcdn8tgyAONntO829og1M=
golang.org/x/sys v0.0.0-20190804053845-51ab0e2deafa/go.mod h1:h1NjWce9XRLGQEsW7wpKNCjG9DtNlClVuFLEZdDNbEs=
golang.org/x/text v0.3.0 h1:g61tztE5qeGQ89tm6NTjjM9VPIm088od1l6aSorWRWg=
golang.org/x/text v0.3.0/go.mod h1:NqM8EUOU14njkJ3fqMW+pc6Ldnwhi/IjpwHt7yyuwOQ=
golang.org/x/text v0.3.1-0.20180807135948-17ff2d5776d2/go.mod h1:NqM8EUOU14njkJ3fqMW+pc6Ldnwhi/IjpwHt7yyuwOQ=
golang.org/x/text v0.3.2 h1:tW2bmiBqwgJj/UpqtC8EpXEZVYOwU0yG4iWbprSVAcs=
golang.org/x/text v0.3.2/go.mod h1:bEr9sfX3Q8Zfm5fL9x+3itogRgK3+ptLWKqgva+5dAk=
golang.org/x/time v0.0.0-20181108054448-85acf8d2951c/go.mod h1:tRJNPiyCQ0inRvYxbN9jk5I+vvW/OXSQhTDSoE431IQ=
golang.org/x/time v0.0.0-20190308202827-9d24e82272b4/go.mod h1:tRJNPiyCQ0inRvYxbN9jk5I+vvW/OXSQhTDSoE431IQ=
golang.org/x/tools v0.0.0-20180221164845-07fd8470d635/go.mod h1:n7NCudcB/nEzxVGmLbDWY5pfWTLqBcC2KZ6jyYvM4mQ=
golang.org/x/tools v0.0.0-20180917221912-90fa682c2a6e/go.mod h1:n7NCudcB/nEzxVGmLbDWY5pfWTLqBcC2KZ6jyYvM4mQ=
golang.org/x/tools v0.0.0-20181030221726-6c7e314b6563/go.mod h1:n7NCudcB/nEzxVGmLbDWY5pfWTLqBcC2KZ6jyYvM4mQ=
golang.org/x/tools v0.0.0-20190114222345-bf090417da8b/go.mod h1:n7NCudcB/nEzxVGmLbDWY5pfWTLqBcC2KZ6jyYvM4mQ=
golang.org/x/tools v0.0.0-20190226205152-f727befe758c/go.mod h1:9Yl7xja0Znq3iFh3HoIrodX9oNMXvdceNzlUR8zjMvY=
golang.org/x/tools v0.0.0-20190311212946-11955173bddd/go.mod h1:LCzVGOaR6xXOjkQ3onu1FJEFr0SW1gC7cKk1uF8kGRs=
golang.org/x/tools v0.0.0-20190312151545-0bb0c0a6e846/go.mod h1:LCzVGOaR6xXOjkQ3onu1FJEFr0SW1gC7cKk1uF8kGRs=
golang.org/x/tools v0.0.0-20190312170243-e65039ee4138/go.mod h1:LCzVGOaR6xXOjkQ3onu1FJEFr0SW1gC7cKk1uF8kGRs=
golang.org/x/tools v0.0.0-20190425150028-36563e24a262/go.mod h1:RgjU9mgBXZiqYHBnxXauZ1Gv1EHHAz9KjViQ78xBX0Q=
golang.org/x/tools v0.0.0-20190506145303-2d16b83fe98c/go.mod h1:RgjU9mgBXZiqYHBnxXauZ1Gv1EHHAz9KjViQ78xBX0Q=
golang.org/x/tools v0.0.0-20190524140312-2c0ae7006135/go.mod h1:RgjU9mgBXZiqYHBnxXauZ1Gv1EHHAz9KjViQ78xBX0Q=
golang.org/x/tools v0.0.0-20190606124116-d0a3d012864b/go.mod h1:/rFqwRUd4F7ZHNgwSSTFct+R/Kf4OFW1sUzUTQQTgfc=
golang.org/x/tools v0.0.0-20190621195816-6e04913cbbac/go.mod h1:/rFqwRUd4F7ZHNgwSSTFct+R/Kf4OFW1sUzUTQQTgfc=
golang.org/x/tools v0.0.0-20190628153133-6cdbf07be9d0/go.mod h1:/rFqwRUd4F7ZHNgwSSTFct+R/Kf4OFW1sUzUTQQTgfc=
golang.org/x/tools v0.0.0-20190719005602-e377ae9d6386/go.mod h1:jcCCGcm9btYwXyDqrUWc6MKQKKGJCWEQ3AfLSRIbEuI=
golang.org/x/tools v0.0.0-20190723021737-8bb11ff117ca/go.mod h1:jcCCGcm9btYwXyDqrUWc6MKQKKGJCWEQ3AfLSRIbEuI=
golang.org/x/tools v0.0.0-20190729092621-ff9f1409240a/go.mod h1:jcCCGcm9btYwXyDqrUWc6MKQKKGJCWEQ3AfLSRIbEuI=
golang.org/x/tools v0.0.0-20190730215328-ed3277de2799/go.mod h1:jcCCGcm9btYwXyDqrUWc6MKQKKGJCWEQ3AfLSRIbEuI=
golang.org/x/tools v0.0.0-20190731214159-1e85ed8060aa/go.mod h1:jcCCGcm9btYwXyDqrUWc6MKQKKGJCWEQ3AfLSRIbEuI=
golang.org/x/tools v0.0.0-20190802003818-e9bb7d36c060/go.mod h1:jcCCGcm9btYwXyDqrUWc6MKQKKGJCWEQ3AfLSRIbEuI=
golang.org/x/tools v0.0.0-20190802220118-1d1727260058/go.mod h1:jcCCGcm9btYwXyDqrUWc6MKQKKGJCWEQ3AfLSRIbEuI=
golang.org/x/tools v0.0.0-20190806193329-249e2b9b6d3c/go.mod h1:jcCCGcm9btYwXyDqrUWc6MKQKKGJCWEQ3AfLSRIbEuI=
golang.org/x/tools v0.0.0-20190806194950-6743d4095d4b/go.mod h1:b+2E5dAYhXwXZwtnZ6UAqBI28+e2cm9otk0dWdXHAEo=
golang.org/x/tools v0.0.0-20190806205909-9fb8e5c87901/go.mod h1:b+2E5dAYhXwXZwtnZ6UAqBI28+e2cm9otk0dWdXHAEo=
golang.org/x/tools v0.0.0-20190806215303-88ddfcebc769/go.mod h1:b+2E5dAYhXwXZwtnZ6UAqBI28+e2cm9otk0dWdXHAEo=
golang.org/x/xerrors v0.0.0-20190717185122-a985d3407aa7/go.mod h1:I/5z698sn9Ka8TeJc9MKroUUfqBBauWjQqLJ2OPfmY0=
google.golang.org/api v0.4.0/go.mod h1:8k5glujaEP+g9n7WNsDg8QP6cUVNI86fCNMcbazEtwE=
google.golang.org/api v0.7.0/go.mod h1:WtwebWUNSVBH/HAw79HIFXZNqEvBhG+Ra+ax0hx3E3M=
google.golang.org/appengine v1.1.0/go.mod h1:EbEs0AVv82hx2wNQdGPgUI5lhzA/G0D9YwlJXL52JkM=
google.golang.org/appengine v1.4.0/go.mod h1:xpcJRLb0r/rnEns0DIKYYv+WjYCduHsrkT7/EB5XEv4=
google.golang.org/appengine v1.5.0/go.mod h1:xpcJRLb0r/rnEns0DIKYYv+WjYCduHsrkT7/EB5XEv4=
google.golang.org/appengine v1.6.1/go.mod h1:i06prIuMbXzDqacNJfV5OdTW448YApPu5ww/cMBSeb0=
google.golang.org/genproto v0.0.0-20180817151627-c66870c02cf8 h1:Nw54tB0rB7hY/N0NQvRW8DG4Yk3Q6T9cu9RcFQDu1tc=
google.golang.org/genproto v0.0.0-20180817151627-c66870c02cf8/go.mod h1:JiN7NxoALGmiZfu7CAH4rXhgtRTLTxftemlI0sWmxmc=
google.golang.org/genproto v0.0.0-20190307195333-5fe7a883aa19/go.mod h1:VzzqZJRnGkLBvHegQrXjBqPurQTc5/KpmUdxsrq26oE=
google.golang.org/genproto v0.0.0-20190418145605-e7d98fc518a7/go.mod h1:VzzqZJRnGkLBvHegQrXjBqPurQTc5/KpmUdxsrq26oE=
google.golang.org/genproto v0.0.0-20190425155659-357c62f0e4bb/go.mod h1:VzzqZJRnGkLBvHegQrXjBqPurQTc5/KpmUdxsrq26oE=
google.golang.org/genproto v0.0.0-20190502173448-54afdca5d873/go.mod h1:VzzqZJRnGkLBvHegQrXjBqPurQTc5/KpmUdxsrq26oE=
google.golang.org/genproto v0.0.0-20190716160619-c506a9f90610 h1:Ygq9/SRJX9+dU0WCIICM8RkWvDw03lvB77hrhJnpxfU=
google.golang.org/genproto v0.0.0-20190716160619-c506a9f90610/go.mod h1:DMBHOl98Agz4BDEuKkezgsaosCRResVns1a3J2ZsMNc=
google.golang.org/genproto v0.0.0-20190801165951-fa694d86fc64 h1:iKtrH9Y8mcbADOP0YFaEMth7OfuHY9xHOwNj4znpM1A=
google.golang.org/genproto v0.0.0-20190801165951-fa694d86fc64/go.mod h1:DMBHOl98Agz4BDEuKkezgsaosCRResVns1a3J2ZsMNc=
google.golang.org/genproto v0.0.0-20190819201941-24fa4b261c55 h1:gSJIx1SDwno+2ElGhA4+qG2zF97qiUzTM+rQ0klBOcE=
google.golang.org/genproto v0.0.0-20190819201941-24fa4b261c55/go.mod h1:DMBHOl98Agz4BDEuKkezgsaosCRResVns1a3J2ZsMNc=
google.golang.org/grpc v1.19.0/go.mod h1:mqu4LbDTu4XGKhr4mRzUsmM4RtVoemTSY81AxZiDr8c=
google.golang.org/grpc v1.20.1/go.mod h1:10oTOabMzJvdu6/UiuZezV6QK5dSlG84ov/aaiqXj38=
google.golang.org/grpc v1.21.0 h1:G+97AoqBnmZIT91cLG/EkCoK9NSelj64P8bOHHNmGn0=
google.golang.org/grpc v1.21.0/go.mod h1:oYelfM1adQP15Ek0mdvEgi9Df8B9CZIaU1084ijfRaM=
google.golang.org/grpc v1.21.1/go.mod h1:oYelfM1adQP15Ek0mdvEgi9Df8B9CZIaU1084ijfRaM=
google.golang.org/grpc v1.22.0 h1:J0UbZOIrCAl+fpTOf8YLs4dJo8L/owV4LYVtAXQoPkw=
google.golang.org/grpc v1.22.0/go.mod h1:Y5yQAOtifL1yxbo5wqy6BxZv8vAUGQwXBOALyacEbxg=
google.golang.org/grpc v1.22.1 h1:/7cs52RnTJmD43s3uxzlq2U7nqVTd/37viQwMrMNlOM=
google.golang.org/grpc v1.22.1/go.mod h1:Y5yQAOtifL1yxbo5wqy6BxZv8vAUGQwXBOALyacEbxg=
google.golang.org/grpc v1.23.1 h1:q4XQuHFC6I28BKZpo6IYyb3mNO+l7lSOxRuYTCiDfXk=
google.golang.org/grpc v1.23.1/go.mod h1:Y5yQAOtifL1yxbo5wqy6BxZv8vAUGQwXBOALyacEbxg=
gopkg.in/check.v1 v0.0.0-20161208181325-20d25e280405/go.mod h1:Co6ibVJAznAaIkqp8huTwlJQCZ016jof/cbN4VW5Yz0=
gopkg.in/check.v1 v1.0.0-20180628173108-788fd7840127/go.mod h1:Co6ibVJAznAaIkqp8huTwlJQCZ016jof/cbN4VW5Yz0=
gopkg.in/errgo.v2 v2.1.0/go.mod h1:hNsd1EY+bozCKY1Ytp96fpM3vjJbqLJn88ws8XvfDNI=
gopkg.in/yaml.v2 v2.2.2 h1:ZCJp+EgiOT7lHqUV2J862kp8Qj64Jo6az82+3Td9dZw=
gopkg.in/yaml.v2 v2.2.2/go.mod h1:hI93XBmqTisBFMUTm0b8Fm+jr3Dg1NNxqwp+5A1VGuI=
honnef.co/go/tools v0.0.0-20190102054323-c2f93a96b099/go.mod h1:rf3lG4BRIbNafJWhAfAdb/ePZxsR/4RtNHQocxwk9r4=
honnef.co/go/tools v0.0.0-20190106161140-3f1c8253044a/go.mod h1:rf3lG4BRIbNafJWhAfAdb/ePZxsR/4RtNHQocxwk9r4=
honnef.co/go/tools v0.0.0-20190418001031-e561f6794a2a/go.mod h1:rf3lG4BRIbNafJWhAfAdb/ePZxsR/4RtNHQocxwk9r4=
honnef.co/go/tools v0.0.0-20190523083050-ea95bdfd59fc/go.mod h1:rf3lG4BRIbNafJWhAfAdb/ePZxsR/4RtNHQocxwk9r4=
honnef.co/go/tools v0.0.1-2019.2.2/go.mod h1:a3bituU0lyd329TUQxRnasdCoJDkEUEAqEt0JzvZhAg=
rsc.io/binaryregexp v0.2.0/go.mod h1:qTv7/COck+e2FymRvadv62gMdZztPaShugOCi3I+8D8=
